
Microsoft Visual Studio Solution File, Format Version 12.00
# Visual Studio 15
VisualStudioVersion = 15.0.26730.16
MinimumVisualStudioVersion = 10.0.40219.1
Project("{FAE04EC0-301F-11D3-BF4B-00C04F79EFBC}") = "01 - ByteBank", "01 - ByteBank\01 - ByteBank.csproj", "{D5B260C8-4E6D-4070-A47E-D0BEDD4C6645}"
EndProject
Project("{FAE04EC0-301F-11D3-BF4B-00C04F79EFBC}") = "02 - ByteBank", "02 - ByteBank\02 - ByteBank.csproj", "{64148D98-4BFC-45A5-8D6C-0C045C5F465C}"
EndProject
Project("{FAE04EC0-301F-11D3-BF4B-00C04F79EFBC}") = "03 - ByteBank", "03 - ByteBank\03 - ByteBank.csproj", "{61213CFE-05CB-41E0-A519-CACBF5D89A9F}"
EndProject
Project("{FAE04EC0-301F-11D3-BF4B-00C04F79EFBC}") = "04 - ByteBank", "04 - ByteBank\04 - ByteBank.csproj", "{BA705BAA-79A8-4B02-B6A0-C36354D57866}"
EndProject
Project("{FAE04EC0-301F-11D3-BF4B-00C04F79EFBC}") = "05 - ByteBank", "05 - ByteBank\05 - ByteBank.csproj", "{99534A02-EA8F-4A17-905B-C6B260CFCD4B}"
EndProject
Project("{FAE04EC0-301F-11D3-BF4B-00C04F79EFBC}") = "06 - ByteBank", "06 - ByteBank\06 - ByteBank.csproj", "{B01539AD-7D35-494B-A70A-B72C1609E772}"
EndProject
Global
	GlobalSection(SolutionConfigurationPlatforms) = preSolution
		Debug|Any CPU = Debug|Any CPU
		Release|Any CPU = Release|Any CPU
	EndGlobalSection
	GlobalSection(ProjectConfigurationPlatforms) = postSolution
		{D5B260C8-4E6D-4070-A47E-D0BEDD4C6645}.Debug|Any CPU.ActiveCfg = Debug|Any CPU
		{D5B260C8-4E6D-4070-A47E-D0BEDD4C6645}.Debug|Any CPU.Build.0 = Debug|Any CPU
		{D5B260C8-4E6D-4070-A47E-D0BEDD4C6645}.Release|Any CPU.ActiveCfg = Release|Any CPU
		{D5B260C8-4E6D-4070-A47E-D0BEDD4C6645}.Release|Any CPU.Build.0 = Release|Any CPU
		{64148D98-4BFC-45A5-8D6C-0C045C5F465C}.Debug|Any CPU.ActiveCfg = Debug|Any CPU
		{64148D98-4BFC-45A5-8D6C-0C045C5F465C}.Debug|Any CPU.Build.0 = Debug|Any CPU
		{64148D98-4BFC-45A5-8D6C-0C045C5F465C}.Release|Any CPU.ActiveCfg = Release|Any CPU
		{64148D98-4BFC-45A5-8D6C-0C045C5F465C}.Release|Any CPU.Build.0 = Release|Any CPU
		{61213CFE-05CB-41E0-A519-CACBF5D89A9F}.Debug|Any CPU.ActiveCfg = Debug|Any CPU
		{61213CFE-05CB-41E0-A519-CACBF5D89A9F}.Debug|Any CPU.Build.0 = Debug|Any CPU
		{61213CFE-05CB-41E0-A519-CACBF5D89A9F}.Release|Any CPU.ActiveCfg = Release|Any CPU
		{61213CFE-05CB-41E0-A519-CACBF5D89A9F}.Release|Any CPU.Build.0 = Release|Any CPU
		{BA705BAA-79A8-4B02-B6A0-C36354D57866}.Debug|Any CPU.ActiveCfg = Debug|Any CPU
		{BA705BAA-79A8-4B02-B6A0-C36354D57866}.Debug|Any CPU.Build.0 = Debug|Any CPU
		{BA705BAA-79A8-4B02-B6A0-C36354D57866}.Release|Any CPU.ActiveCfg = Release|Any CPU
		{BA705BAA-79A8-4B02-B6A0-C36354D57866}.Release|Any CPU.Build.0 = Release|Any CPU
		{99534A02-EA8F-4A17-905B-C6B260CFCD4B}.Debug|Any CPU.ActiveCfg = Debug|Any CPU
		{99534A02-EA8F-4A17-905B-C6B260CFCD4B}.Debug|Any CPU.Build.0 = Debug|Any CPU
		{99534A02-EA8F-4A17-905B-C6B260CFCD4B}.Release|Any CPU.ActiveCfg = Release|Any CPU
		{99534A02-EA8F-4A17-905B-C6B260CFCD4B}.Release|Any CPU.Build.0 = Release|Any CPU
		{B01539AD-7D35-494B-A70A-B72C1609E772}.Debug|Any CPU.ActiveCfg = Debug|Any CPU
		{B01539AD-7D35-494B-A70A-B72C1609E772}.Debug|Any CPU.Build.0 = Debug|Any CPU
		{B01539AD-7D35-494B-A70A-B72C1609E772}.Release|Any CPU.ActiveCfg = Release|Any CPU
		{B01539AD-7D35-494B-A70A-B72C1609E772}.Release|Any CPU.Build.0 = Release|Any CPU
	EndGlobalSection
	GlobalSection(SolutionProperties) = preSolution
		HideSolutionNode = FALSE
	EndGlobalSection
	GlobalSection(ExtensibilityGlobals) = postSolution
		SolutionGuid = {0EC51478-AA5D-4046-9036-FDBE6EC6FCE0}
	EndGlobalSection
EndGlobal
